// !$*UTF8*$!
{
	archiveVersion = 1;
	classes = {
	};
	objectVersion = 46;
	objects = {

/* Begin PBXBuildFile section */
		FB41FA051BEE258C0000CE94 /* main.m in Sources */ = {isa = PBXBuildFile; fileRef = FB41FA041BEE258C0000CE94 /* main.m */; };
		FB41FA081BEE258C0000CE94 /* AppDelegate.m in Sources */ = {isa = PBXBuildFile; fileRef = FB41FA071BEE258C0000CE94 /* AppDelegate.m */; };
		FB41FA0E1BEE258C0000CE94 /* Main.storyboard in Resources */ = {isa = PBXBuildFile; fileRef = FB41FA0C1BEE258C0000CE94 /* Main.storyboard */; };
		FB41FA101BEE258C0000CE94 /* Assets.xcassets in Resources */ = {isa = PBXBuildFile; fileRef = FB41FA0F1BEE258C0000CE94 /* Assets.xcassets */; };
		FB41FA131BEE258C0000CE94 /* LaunchScreen.storyboard in Resources */ = {isa = PBXBuildFile; fileRef = FB41FA111BEE258C0000CE94 /* LaunchScreen.storyboard */; };
		FB41FA1E1BEE258C0000CE94 /* VCTransitionsTests.m in Sources */ = {isa = PBXBuildFile; fileRef = FB41FA1D1BEE258C0000CE94 /* VCTransitionsTests.m */; };
		FB41FA291BEE258C0000CE94 /* VCTransitionsUITests.m in Sources */ = {isa = PBXBuildFile; fileRef = FB41FA281BEE258C0000CE94 /* VCTransitionsUITests.m */; };
		FB41FA3E1BEE2A030000CE94 /* ViewController.m in Sources */ = {isa = PBXBuildFile; fileRef = FB41FA3C1BEE2A030000CE94 /* ViewController.m */; };
		FB41FA431BEE2A210000CE94 /* PresentViewController.m in Sources */ = {isa = PBXBuildFile; fileRef = FB41FA411BEE2A210000CE94 /* PresentViewController.m */; };
		FB41FA441BEE2A210000CE94 /* PresentViewController.xib in Resources */ = {isa = PBXBuildFile; fileRef = FB41FA421BEE2A210000CE94 /* PresentViewController.xib */; };
		FB41FA471BEE2C300000CE94 /* BouncePresentAnimation.m in Sources */ = {isa = PBXBuildFile; fileRef = FB41FA461BEE2C300000CE94 /* BouncePresentAnimation.m */; };
/* End PBXBuildFile section */

/* Begin PBXContainerItemProxy section */
		FB41FA1A1BEE258C0000CE94 /* PBXContainerItemProxy */ = {
			isa = PBXContainerItemProxy;
			containerPortal = FB41F9F81BEE258C0000CE94 /* Project object */;
			proxyType = 1;
			remoteGlobalIDString = FB41F9FF1BEE258C0000CE94;
			remoteInfo = VCTransitions;
		};
		FB41FA251BEE258C0000CE94 /* PBXContainerItemProxy */ = {
			isa = PBXContainerItemProxy;
			containerPortal = FB41F9F81BEE258C0000CE94 /* Project object */;
			proxyType = 1;
			remoteGlobalIDString = FB41F9FF1BEE258C0000CE94;
			remoteInfo = VCTransitions;
		};
/* End PBXContainerItemProxy section */

/* Begin PBXFileReference section */
		FB41FA001BEE258C0000CE94 /* VCTransitions.app */ = {isa = PBXFileReference; explicitFileType = wrapper.application; includeInIndex = 0; path = VCTransitions.app; sourceTree = BUILT_PRODUCTS_DIR; };
		FB41FA041BEE258C0000CE94 /* main.m */ = {isa = PBXFileReference; lastKnownFileType = sourcecode.c.objc; path = main.m; sourceTree = "<group>"; };
		FB41FA061BEE258C0000CE94 /* AppDelegate.h */ = {isa = PBXFileReference; lastKnownFileType = sourcecode.c.h; path = AppDelegate.h; sourceTree = "<group>"; };
		FB41FA071BEE258C0000CE94 /* AppDelegate.m */ = {isa = PBXFileReference; lastKnownFileType = sourcecode.c.objc; path = AppDelegate.m; sourceTree = "<group>"; };
		FB41FA0D1BEE258C0000CE94 /* Base */ = {isa = PBXFileReference; lastKnownFileType = file.storyboard; name = Base; path = Base.lproj/Main.storyboard; sourceTree = "<group>"; };
		FB41FA0F1BEE258C0000CE94 /* Assets.xcassets */ = {isa = PBXFileReference; lastKnownFileType = folder.assetcatalog; path = Assets.xcassets; sourceTree = "<group>"; };
		FB41FA121BEE258C0000CE94 /* Base */ = {isa = PBXFileReference; lastKnownFileType = file.storyboard; name = Base; path = Base.lproj/LaunchScreen.storyboard; sourceTree = "<group>"; };
		FB41FA141BEE258C0000CE94 /* Info.plist */ = {isa = PBXFileReference; lastKnownFileType = text.plist.xml; path = Info.plist; sourceTree = "<group>"; };
		FB41FA191BEE258C0000CE94 /* VCTransitionsTests.xctest */ = {isa = PBXFileReference; explicitFileType = wrapper.cfbundle; includeInIndex = 0; path = VCTransitionsTests.xctest; sourceTree = BUILT_PRODUCTS_DIR; };
		FB41FA1D1BEE258C0000CE94 /* VCTransitionsTests.m */ = {isa = PBXFileReference; lastKnownFileType = sourcecode.c.objc; path = VCTransitionsTests.m; sourceTree = "<group>"; };
		FB41FA1F1BEE258C0000CE94 /* Info.plist */ = {isa = PBXFileReference; lastKnownFileType = text.plist.xml; path = Info.plist; sourceTree = "<group>"; };
		FB41FA241BEE258C0000CE94 /* VCTransitionsUITests.xctest */ = {isa = PBXFileReference; explicitFileType = wrapper.cfbundle; includeInIndex = 0; path = VCTransitionsUITests.xctest; sourceTree = BUILT_PRODUCTS_DIR; };
		FB41FA281BEE258C0000CE94 /* VCTransitionsUITests.m */ = {isa = PBXFileReference; lastKnownFileType = sourcecode.c.objc; path = VCTransitionsUITests.m; sourceTree = "<group>"; };
		FB41FA2A1BEE258D0000CE94 /* Info.plist */ = {isa = PBXFileReference; lastKnownFileType = text.plist.xml; path = Info.plist; sourceTree = "<group>"; };
		FB41FA3B1BEE2A030000CE94 /* ViewController.h */ = {isa = PBXFileReference; fileEncoding = 4; lastKnownFileType = sourcecode.c.h; path = ViewController.h; sourceTree = "<group>"; };
		FB41FA3C1BEE2A030000CE94 /* ViewController.m */ = {isa = PBXFileReference; fileEncoding = 4; lastKnownFileType = sourcecode.c.objc; path = ViewController.m; sourceTree = "<group>"; };
		FB41FA401BEE2A210000CE94 /* PresentViewController.h */ = {isa = PBXFileReference; fileEncoding = 4; lastKnownFileType = sourcecode.c.h; path = PresentViewController.h; sourceTree = "<group>"; };
		FB41FA411BEE2A210000CE94 /* PresentViewController.m */ = {isa = PBXFileReference; fileEncoding = 4; lastKnownFileType = sourcecode.c.objc; path = PresentViewController.m; sourceTree = "<group>"; };
		FB41FA421BEE2A210000CE94 /* PresentViewController.xib */ = {isa = PBXFileReference; fileEncoding = 4; lastKnownFileType = file.xib; path = PresentViewController.xib; sourceTree = "<group>"; };
		FB41FA451BEE2C300000CE94 /* BouncePresentAnimation.h */ = {isa = PBXFileReference; fileEncoding = 4; lastKnownFileType = sourcecode.c.h; path = BouncePresentAnimation.h; sourceTree = "<group>"; };
		FB41FA461BEE2C300000CE94 /* BouncePresentAnimation.m */ = {isa = PBXFileReference; fileEncoding = 4; lastKnownFileType = sourcecode.c.objc; path = BouncePresentAnimation.m; sourceTree = "<group>"; };
		FB41FA481BEE33A40000CE94 /* Des.h */ = {isa = PBXFileReference; lastKnownFileType = sourcecode.c.h; path = Des.h; sourceTree = "<group>"; };
/* End PBXFileReference section */

/* Begin PBXFrameworksBuildPhase section */
		FB41F9FD1BEE258C0000CE94 /* Frameworks */ = {
			isa = PBXFrameworksBuildPhase;
			buildActionMask = 2147483647;
			files = (
			);
			runOnlyForDeploymentPostprocessing = 0;
		};
		FB41FA161BEE258C0000CE94 /* Frameworks */ = {
			isa = PBXFrameworksBuildPhase;
			buildActionMask = 2147483647;
			files = (
			);
			runOnlyForDeploymentPostprocessing = 0;
		};
		FB41FA211BEE258C0000CE94 /* Frameworks */ = {
			isa = PBXFrameworksBuildPhase;
			buildActionMask = 2147483647;
			files = (
			);
			runOnlyForDeploymentPostprocessing = 0;
		};
/* End PBXFrameworksBuildPhase section */

/* Begin PBXGroup section */
		FB41F9F71BEE258C0000CE94 = {
			isa = PBXGroup;
			children = (
				FB41FA021BEE258C0000CE94 /* VCTransitions */,
				FB41FA1C1BEE258C0000CE94 /* VCTransitionsTests */,
				FB41FA271BEE258C0000CE94 /* VCTransitionsUITests */,
				FB41FA011BEE258C0000CE94 /* Products */,
			);
			sourceTree = "<group>";
		};
		FB41FA011BEE258C0000CE94 /* Products */ = {
			isa = PBXGroup;
			children = (
				FB41FA001BEE258C0000CE94 /* VCTransitions.app */,
				FB41FA191BEE258C0000CE94 /* VCTransitionsTests.xctest */,
				FB41FA241BEE258C0000CE94 /* VCTransitionsUITests.xctest */,
			);
			name = Products;
			sourceTree = "<group>";
		};
		FB41FA021BEE258C0000CE94 /* VCTransitions */ = {
			isa = PBXGroup;
			children = (
				FB41FA061BEE258C0000CE94 /* AppDelegate.h */,
				FB41FA071BEE258C0000CE94 /* AppDelegate.m */,
				FB41FA3B1BEE2A030000CE94 /* ViewController.h */,
				FB41FA3C1BEE2A030000CE94 /* ViewController.m */,
				FB41FA401BEE2A210000CE94 /* PresentViewController.h */,
				FB41FA411BEE2A210000CE94 /* PresentViewController.m */,
				FB41FA451BEE2C300000CE94 /* BouncePresentAnimation.h */,
				FB41FA461BEE2C300000CE94 /* BouncePresentAnimation.m */,
				FB41FA421BEE2A210000CE94 /* PresentViewController.xib */,
				FB41FA481BEE33A40000CE94 /* Des.h */,
				FB41FA0C1BEE258C0000CE94 /* Main.storyboard */,
				FB41FA0F1BEE258C0000CE94 /* Assets.xcassets */,
				FB41FA111BEE258C0000CE94 /* LaunchScreen.storyboard */,
				FB41FA141BEE258C0000CE94 /* Info.plist */,
				FB41FA031BEE258C0000CE94 /* Supporting Files */,
			);
			path = VCTransitions;
			sourceTree = "<group>";
		};
		FB41FA031BEE258C0000CE94 /* Supporting Files */ = {
			isa = PBXGroup;
			children = (
				FB41FA041BEE258C0000CE94 /* main.m */,
			);
			name = "Supporting Files";
			sourceTree = "<group>";
		};
		FB41FA1C1BEE258C0000CE94 /* VCTransitionsTests */ = {
			isa = PBXGroup;
			children = (
				FB41FA1D1BEE258C0000CE94 /* VCTransitionsTests.m */,
				FB41FA1F1BEE258C0000CE94 /* Info.plist */,
			);
			path = VCTransitionsTests;
			sourceTree = "<group>";
		};
		FB41FA271BEE258C0000CE94 /* VCTransitionsUITests */ = {
			isa = PBXGroup;
			children = (
				FB41FA281BEE258C0000CE94 /* VCTransitionsUITests.m */,
				FB41FA2A1BEE258D0000CE94 /* Info.plist */,
			);
			path = VCTransitionsUITests;
			sourceTree = "<group>";
		};
/* End PBXGroup section */

/* Begin PBXNativeTarget section */
		FB41F9FF1BEE258C0000CE94 /* VCTransitions */ = {
			isa = PBXNativeTarget;
			buildConfigurationList = FB41FA2D1BEE258D0000CE94 /* Build configuration list for PBXNativeTarget "VCTransitions" */;
			buildPhases = (
				FB41F9FC1BEE258C0000CE94 /* Sources */,
				FB41F9FD1BEE258C0000CE94 /* Frameworks */,
				FB41F9FE1BEE258C0000CE94 /* Resources */,
			);
			buildRules = (
			);
			dependencies = (
			);
			name = VCTransitions;
			productName = VCTransitions;
			productReference = FB41FA001BEE258C0000CE94 /* VCTransitions.app */;
			productType = "com.apple.product-type.application";
		};
		FB41FA181BEE258C0000CE94 /* VCTransitionsTests */ = {
			isa = PBXNativeTarget;
			buildConfigurationList = FB41FA301BEE258D0000CE94 /* Build configuration list for PBXNativeTarget "VCTransitionsTests" */;
			buildPhases = (
				FB41FA151BEE258C0000CE94 /* Sources */,
				FB41FA161BEE258C0000CE94 /* Frameworks */,
				FB41FA171BEE258C0000CE94 /* Resources */,
			);
			buildRules = (
			);
			dependencies = (
				FB41FA1B1BEE258C0000CE94 /* PBXTargetDependency */,
			);
			name = VCTransitionsTests;
			productName = VCTransitionsTests;
			productReference = FB41FA191BEE258C0000CE94 /* VCTransitionsTests.xctest */;
			productType = "com.apple.product-type.bundle.unit-test";
		};
		FB41FA231BEE258C0000CE94 /* VCTransitionsUITests */ = {
			isa = PBXNativeTarget;
			buildConfigurationList = FB41FA331BEE258D0000CE94 /* Build configuration list for PBXNativeTarget "VCTransitionsUITests" */;
			buildPhases = (
				FB41FA201BEE258C0000CE94 /* Sources */,
				FB41FA211BEE258C0000CE94 /* Frameworks */,
				FB41FA221BEE258C0000CE94 /* Resources */,
			);
			buildRules = (
			);
			dependencies = (
				FB41FA261BEE258C0000CE94 /* PBXTargetDependency */,
			);
			name = VCTransitionsUITests;
			productName = VCTransitionsUITests;
			productReference = FB41FA241BEE258C0000CE94 /* VCTransitionsUITests.xctest */;
			productType = "com.apple.product-type.bundle.ui-testing";
		};
/* End PBXNativeTarget section */

/* Begin PBXProject section */
		FB41F9F81BEE258C0000CE94 /* Project object */ = {
			isa = PBXProject;
			attributes = {
				LastUpgradeCheck = 0710;
				ORGANIZATIONNAME = "Cocoa Lee";
				TargetAttributes = {
					FB41F9FF1BEE258C0000CE94 = {
						CreatedOnToolsVersion = 7.1;
						DevelopmentTeam = 4GC8V522M5;
					};
					FB41FA181BEE258C0000CE94 = {
						CreatedOnToolsVersion = 7.1;
						DevelopmentTeam = 4GC8V522M5;
						TestTargetID = FB41F9FF1BEE258C0000CE94;
					};
					FB41FA231BEE258C0000CE94 = {
						CreatedOnToolsVersion = 7.1;
						DevelopmentTeam = 4GC8V522M5;
						TestTargetID = FB41F9FF1BEE258C0000CE94;
					};
				};
			};
			buildConfigurationList = FB41F9FB1BEE258C0000CE94 /* Build configuration list for PBXProject "VCTransitions" */;
			compatibilityVersion = "Xcode 3.2";
			developmentRegion = English;
			hasScannedForEncodings = 0;
			knownRegions = (
				en,
				Base,
			);
			mainGroup = FB41F9F71BEE258C0000CE94;
			productRefGroup = FB41FA011BEE258C0000CE94 /* Products */;
			projectDirPath = "";
			projectRoot = "";
			targets = (
				FB41F9FF1BEE258C0000CE94 /* VCTransitions */,
				FB41FA181BEE258C0000CE94 /* VCTransitionsTests */,
				FB41FA231BEE258C0000CE94 /* VCTransitionsUITests */,
			);
		};
/* End PBXProject section */

/* Begin PBXResourcesBuildPhase section */
		FB41F9FE1BEE258C0000CE94 /* Resources */ = {
			isa = PBXResourcesBuildPhase;
			buildActionMask = 2147483647;
			files = (
				FB41FA131BEE258C0000CE94 /* LaunchScreen.storyboard in Resources */,
				FB41FA101BEE258C0000CE94 /* Assets.xcassets in Resources */,
				FB41FA441BEE2A210000CE94 /* PresentViewController.xib in Resources */,
				FB41FA0E1BEE258C0000CE94 /* Main.storyboard in Resources */,
			);
			runOnlyForDeploymentPostprocessing = 0;
		};
		FB41FA171BEE258C0000CE94 /* Resources */ = {
			isa = PBXResourcesBuildPhase;
			buildActionMask = 2147483647;
			files = (
			);
			runOnlyForDeploymentPostprocessing = 0;
		};
		FB41FA221BEE258C0000CE94 /* Resources */ = {
			isa = PBXResourcesBuildPhase;
			buildActionMask = 2147483647;
			files = (
			);
			runOnlyForDeploymentPostprocessing = 0;
		};
/* End PBXResourcesBuildPhase section */

/* Begin PBXSourcesBuildPhase section */
		FB41F9FC1BEE258C0000CE94 /* Sources */ = {
			isa = PBXSourcesBuildPhase;
			buildActionMask = 2147483647;
			files = (
				FB41FA471BEE2C300000CE94 /* BouncePresentAnimation.m in Sources */,
				FB41FA3E1BEE2A030000CE94 /* ViewController.m in Sources */,
				FB41FA081BEE258C0000CE94 /* AppDelegate.m in Sources */,
				FB41FA431BEE2A210000CE94 /* PresentViewController.m in Sources */,
				FB41FA051BEE258C0000CE94 /* main.m in Sources */,
			);
			runOnlyForDeploymentPostprocessing = 0;
		};
		FB41FA151BEE258C0000CE94 /* Sources */ = {
			isa = PBXSourcesBuildPhase;
			buildActionMask = 2147483647;
			files = (
				FB41FA1E1BEE258C0000CE94 /* VCTransitionsTests.m in Sources */,
			);
			runOnlyForDeploymentPostprocessing = 0;
		};
		FB41FA201BEE258C0000CE94 /* Sources */ = {
			isa = PBXSourcesBuildPhase;
			buildActionMask = 2147483647;
			files = (
				FB41FA291BEE258C0000CE94 /* VCTransitionsUITests.m in Sources */,
			);
			runOnlyForDeploymentPostprocessing = 0;
		};
/* End PBXSourcesBuildPhase section */

/* Begin PBXTargetDependency section */
		FB41FA1B1BEE258C0000CE94 /* PBXTargetDependency */ = {
			isa = PBXTargetDependency;
			target = FB41F9FF1BEE258C0000CE94 /* VCTransitions */;
			targetProxy = FB41FA1A1BEE258C0000CE94 /* PBXContainerItemProxy */;
		};
		FB41FA261BEE258C0000CE94 /* PBXTargetDependency */ = {
			isa = PBXTargetDependency;
			target = FB41F9FF1BEE258C0000CE94 /* VCTransitions */;
			targetProxy = FB41FA251BEE258C0000CE94 /* PBXContainerItemProxy */;
		};
/* End PBXTargetDependency section */

/* Begin PBXVariantGroup section */
		FB41FA0C1BEE258C0000CE94 /* Main.storyboard */ = {
			isa = PBXVariantGroup;
			children = (
				FB41FA0D1BEE258C0000CE94 /* Base */,
			);
			name = Main.storyboard;
			sourceTree = "<group>";
		};
		FB41FA111BEE258C0000CE94 /* LaunchScreen.storyboard */ = {
			isa = PBXVariantGroup;
			children = (
				FB41FA121BEE258C0000CE94 /* Base */,
			);
			name = LaunchScreen.storyboard;
			sourceTree = "<group>";
		};
/* End PBXVariantGroup section */

/* Begin XCBuildConfiguration section */
		FB41FA2B1BEE258D0000CE94 /* Debug */ = {
			isa = XCBuildConfiguration;
			buildSettings = {
				ALWAYS_SEARCH_USER_PATHS = NO;
				CLANG_CXX_LANGUAGE_STANDARD = "gnu++0x";
				CLANG_CXX_LIBRARY = "libc++";
				CLANG_ENABLE_MODULES = YES;
				CLANG_ENABLE_OBJC_ARC = YES;
				CLANG_WARN_BOOL_CONVERSION = YES;
				CLANG_WARN_CONSTANT_CONVERSION = YES;
				CLANG_WARN_DIRECT_OBJC_ISA_USAGE = YES_ERROR;
				CLANG_WARN_EMPTY_BODY = YES;
				CLANG_WARN_ENUM_CONVERSION = YES;
				CLANG_WARN_INT_CONVERSION = YES;
				CLANG_WARN_OBJC_ROOT_CLASS = YES_ERROR;
				CLANG_WARN_UNREACHABLE_CODE = YES;
				CLANG_WARN__DUPLICATE_METHOD_MATCH = YES;
				"CODE_SIGN_IDENTITY[sdk=iphoneos*]" = "iPhone Developer";
				COPY_PHASE_STRIP = NO;
				DEBUG_INFORMATION_FORMAT = dwarf;
				ENABLE_STRICT_OBJC_MSGSEND = YES;
				ENABLE_TESTABILITY = YES;
				GCC_C_LANGUAGE_STANDARD = gnu99;
				GCC_DYNAMIC_NO_PIC = NO;
				GCC_NO_COMMON_BLOCKS = YES;
				GCC_OPTIMIZATION_LEVEL = 0;
				GCC_PREPROCESSOR_DEFINITIONS = (
					"DEBUG=1",
					"$(inherited)",
				);
				GCC_WARN_64_TO_32_BIT_CONVERSION = YES;
				GCC_WARN_ABOUT_RETURN_TYPE = YES_ERROR;
				GCC_WARN_UNDECLARED_SELECTOR = YES;
				GCC_WARN_UNINITIALIZED_AUTOS = YES_AGGRESSIVE;
				GCC_WARN_UNUSED_FUNCTION = YES;
				GCC_WARN_UNUSED_VARIABLE = YES;
				IPHONEOS_DEPLOYMENT_TARGET = 9.1;
				MTL_ENABLE_DEBUG_INFO = YES;
				ONLY_ACTIVE_ARCH = YES;
				SDKROOT = iphoneos;
			};
			name = Debug;
		};
		FB41FA2C1BEE258D0000CE94 /* Release */ = {
			isa = XCBuildConfiguration;
			buildSettings = {
				ALWAYS_SEARCH_USER_PATHS = NO;
				CLANG_CXX_LANGUAGE_STANDARD = "gnu++0x";
				CLANG_CXX_LIBRARY = "libc++";
				CLANG_ENABLE_MODULES = YES;
				CLANG_ENABLE_OBJC_ARC = YES;
				CLANG_WARN_BOOL_CONVERSION = YES;
				CLANG_WARN_CONSTANT_CONVERSION = YES;
				CLANG_WARN_DIRECT_OBJC_ISA_USAGE = YES_ERROR;
				CLANG_WARN_EMPTY_BODY = YES;
				CLANG_WARN_ENUM_CONVERSION = YES;
				CLANG_WARN_INT_CONVERSION = YES;
				CLANG_WARN_OBJC_ROOT_CLASS = YES_ERROR;
				CLANG_WARN_UNREACHABLE_CODE = YES;
				CLANG_WARN__DUPLICATE_METHOD_MATCH = YES;
				"CODE_SIGN_IDENTITY[sdk=iphoneos*]" = "iPhone Developer";
				COPY_PHASE_STRIP = NO;
				DEBUG_INFORMATION_FORMAT = "dwarf-with-dsym";
				ENABLE_NS_ASSERTIONS = NO;
				ENABLE_STRICT_OBJC_MSGSEND = YES;
				GCC_C_LANGUAGE_STANDARD = gnu99;
				GCC_NO_COMMON_BLOCKS = YES;
				GCC_WARN_64_TO_32_BIT_CONVERSION = YES;
				GCC_WARN_ABOUT_RETURN_TYPE = YES_ERROR;
				GCC_WARN_UNDECLARED_SELECTOR = YES;
				GCC_WARN_UNINITIALIZED_AUTOS = YES_AGGRESSIVE;
				GCC_WARN_UNUSED_FUNCTION = YES;
				GCC_WARN_UNUSED_VARIABLE = YES;
				IPHONEOS_DEPLOYMENT_TARGET = 9.1;
				MTL_ENABLE_DEBUG_INFO = NO;
				SDKROOT = iphoneos;
				VALIDATE_PRODUCT = YES;
			};
			name = Release;
		};
		FB41FA2E1BEE258D0000CE94 /* Debug */ = {
			isa = XCBuildConfiguration;
			buildSettings = {
				ASSETCATALOG_COMPILER_APPICON_NAME = AppIcon;
				INFOPLIST_FILE = VCTransitions/Info.plist;
				LD_RUNPATH_SEARCH_PATHS = "$(inherited) @executable_path/Frameworks";
				PRODUCT_BUNDLE_IDENTIFIER = online.lio.VCTransitions;
				PRODUCT_NAME = "$(TARGET_NAME)";
			};
			name = Debug;
		};
		FB41FA2F1BEE258D0000CE94 /* Release */ = {
			isa = XCBuildConfiguration;
			buildSettings = {
				ASSETCATALOG_COMPILER_APPICON_NAME = AppIcon;
				INFOPLIST_FILE = VCTransitions/Info.plist;
				LD_RUNPATH_SEARCH_PATHS = "$(inherited) @executable_path/Frameworks";
				PRODUCT_BUNDLE_IDENTIFIER = online.lio.VCTransitions;
				PRODUCT_NAME = "$(TARGET_NAME)";
			};
			name = Release;
		};
		FB41FA311BEE258D0000CE94 /* Debug */ = {
			isa = XCBuildConfiguration;
			buildSettings = {
				BUNDLE_LOADER = "$(TEST_HOST)";
				INFOPLIST_FILE = VCTransitionsTests/Info.plist;
				LD_RUNPATH_SEARCH_PATHS = "$(inherited) @executable_path/Frameworks @loader_path/Frameworks";
				PRODUCT_BUNDLE_IDENTIFIER = online.lio.VCTransitionsTests;
				PRODUCT_NAME = "$(TARGET_NAME)";
				TEST_HOST = "$(BUILT_PRODUCTS_DIR)/VCTransitions.app/VCTransitions";
			};
			name = Debug;
		};
		FB41FA321BEE258D0000CE94 /* Release */ = {
			isa = XCBuildConfiguration;
			buildSettings = {
				BUNDLE_LOADER = "$(TEST_HOST)";
				INFOPLIST_FILE = VCTransitionsTests/Info.plist;
				LD_RUNPATH_SEARCH_PATHS = "$(inherited) @executable_path/Frameworks @loader_path/Frameworks";
				PRODUCT_BUNDLE_IDENTIFIER = online.lio.VCTransitionsTests;
				PRODUCT_NAME = "$(TARGET_NAME)";
				TEST_HOST = "$(BUILT_PRODUCTS_DIR)/VCTransitions.app/VCTransitions";
			};
			name = Release;
		};
		FB41FA341BEE258D0000CE94 /* Debug */ = {
			isa = XCBuildConfiguration;
			buildSettings = {
				INFOPLIST_FILE = VCTransitionsUITests/Info.plist;
				LD_RUNPATH_SEARCH_PATHS = "$(inherited) @executable_path/Frameworks @loader_path/Frameworks";
				PRODUCT_BUNDLE_IDENTIFIER = online.lio.VCTransitionsUITests;
				PRODUCT_NAME = "$(TARGET_NAME)";
				TEST_TARGET_NAME = VCTransitions;
				USES_XCTRUNNER = YES;
			};
			name = Debug;
		};
		FB41FA351BEE258D0000CE94 /* Release */ = {
			isa = XCBuildConfiguration;
			buildSettings = {
				INFOPLIST_FILE = VCTransitionsUITests/Info.plist;
				LD_RUNPATH_SEARCH_PATHS = "$(inherited) @executable_path/Frameworks @loader_path/Frameworks";
				PRODUCT_BUNDLE_IDENTIFIER = online.lio.VCTransitionsUITests;
				PRODUCT_NAME = "$(TARGET_NAME)";
				TEST_TARGET_NAME = VCTransitions;
				USES_XCTRUNNER = YES;
			};
			name = Release;
		};
/* End XCBuildConfiguration section */

/* Begin XCConfigurationList section */
		FB41F9FB1BEE258C0000CE94 /* Build configuration list for PBXProject "VCTransitions" */ = {
			isa = XCConfigurationList;
			buildConfigurations = (
				FB41FA2B1BEE258D0000CE94 /* Debug */,
				FB41FA2C1BEE258D0000CE94 /* Release */,
			);
			defaultConfigurationIsVisible = 0;
			defaultConfigurationName = Release;
		};
		FB41FA2D1BEE258D0000CE94 /* Build configuration list for PBXNativeTarget "VCTransitions" */ = {
			isa = XCConfigurationList;
			buildConfigurations = (
				FB41FA2E1BEE258D0000CE94 /* Debug */,
				FB41FA2F1BEE258D0000CE94 /* Release */,
			);
			defaultConfigurationIsVisible = 0;
		};
		FB41FA301BEE258D0000CE94 /* Build configuration list for PBXNativeTarget "VCTransitionsTests" */ = {
			isa = XCConfigurationList;
			buildConfigurations = (
				FB41FA311BEE258D0000CE94 /* Debug */,
				FB41FA321BEE258D0000CE94 /* Release */,
			);
			defaultConfigurationIsVisible = 0;
		};
		FB41FA331BEE258D0000CE94 /* Build configuration list for PBXNativeTarget "VCTransitionsUITests" */ = {
			isa = XCConfigurationList;
			buildConfigurations = (
				FB41FA341BEE258D0000CE94 /* Debug */,
				FB41FA351BEE258D0000CE94 /* Release */,
			);
			defaultConfigurationIsVisible = 0;
		};
/* End XCConfigurationList section */
	};
	rootObject = FB41F9F81BEE258C0000CE94 /* Project object */;
}
